// !$*UTF8*$!
{
	archiveVersion = 1;
	classes = {
	};
	objectVersion = 50;
	objects = {

/* Begin PBXBuildFile section */
		10A846C20E43725216965FD8 /* libPods-iOS-Dye-iOS.a in Frameworks */ = {isa = PBXBuildFile; fileRef = ED19E7CEB0114A47BF0487AB /* libPods-iOS-Dye-iOS.a */; };
		63794367272FFF4200D20B82 /* AppDelegate.m in Sources */ = {isa = PBXBuildFile; fileRef = 63794366272FFF4200D20B82 /* AppDelegate.m */; };
		6379436A272FFF4200D20B82 /* SceneDelegate.m in Sources */ = {isa = PBXBuildFile; fileRef = 63794369272FFF4200D20B82 /* SceneDelegate.m */; };
		6379436D272FFF4200D20B82 /* ViewController.m in Sources */ = {isa = PBXBuildFile; fileRef = 6379436C272FFF4200D20B82 /* ViewController.m */; };
		63794370272FFF4200D20B82 /* Main.storyboard in Resources */ = {isa = PBXBuildFile; fileRef = 6379436E272FFF4200D20B82 /* Main.storyboard */; };
		63794372272FFF4900D20B82 /* Assets.xcassets in Resources */ = {isa = PBXBuildFile; fileRef = 63794371272FFF4900D20B82 /* Assets.xcassets */; };
		63794375272FFF4900D20B82 /* LaunchScreen.storyboard in Resources */ = {isa = PBXBuildFile; fileRef = 63794373272FFF4900D20B82 /* LaunchScreen.storyboard */; };
		63794378272FFF4900D20B82 /* main.m in Sources */ = {isa = PBXBuildFile; fileRef = 63794377272FFF4900D20B82 /* main.m */; };
		637943AC273007B400D20B82 /* waltographUI.ttf in Resources */ = {isa = PBXBuildFile; fileRef = 637943AB273007B400D20B82 /* waltographUI.ttf */; };
		637943B22730102200D20B82 /* styles.json in Resources */ = {isa = PBXBuildFile; fileRef = 637943B02730102200D20B82 /* styles.json */; };
		637943B32730102200D20B82 /* colors.json in Resources */ = {isa = PBXBuildFile; fileRef = 637943B12730102200D20B82 /* colors.json */; };
/* End PBXBuildFile section */

/* Begin PBXFileReference section */
		63794363272FFF4200D20B82 /* Dye-iOS.app */ = {isa = PBXFileReference; explicitFileType = wrapper.application; includeInIndex = 0; path = "Dye-iOS.app"; sourceTree = BUILT_PRODUCTS_DIR; };
		63794365272FFF4200D20B82 /* AppDelegate.h */ = {isa = PBXFileReference; lastKnownFileType = sourcecode.c.h; path = AppDelegate.h; sourceTree = "<group>"; };
		63794366272FFF4200D20B82 /* AppDelegate.m */ = {isa = PBXFileReference; lastKnownFileType = sourcecode.c.objc; path = AppDelegate.m; sourceTree = "<group>"; };
		63794368272FFF4200D20B82 /* SceneDelegate.h */ = {isa = PBXFileReference; lastKnownFileType = sourcecode.c.h; path = SceneDelegate.h; sourceTree = "<group>"; };
		63794369272FFF4200D20B82 /* SceneDelegate.m */ = {isa = PBXFileReference; lastKnownFileType = sourcecode.c.objc; path = SceneDelegate.m; sourceTree = "<group>"; };
		6379436B272FFF4200D20B82 /* ViewController.h */ = {isa = PBXFileReference; lastKnownFileType = sourcecode.c.h; path = ViewController.h; sourceTree = "<group>"; };
		6379436C272FFF4200D20B82 /* ViewController.m */ = {isa = PBXFileReference; lastKnownFileType = sourcecode.c.objc; path = ViewController.m; sourceTree = "<group>"; };
		6379436F272FFF4200D20B82 /* Base */ = {isa = PBXFileReference; lastKnownFileType = file.storyboard; name = Base; path = Base.lproj/Main.storyboard; sourceTree = "<group>"; };
		63794371272FFF4900D20B82 /* Assets.xcassets */ = {isa = PBXFileReference; lastKnownFileType = folder.assetcatalog; path = Assets.xcassets; sourceTree = "<group>"; };
		63794374272FFF4900D20B82 /* Base */ = {isa = PBXFileReference; lastKnownFileType = file.storyboard; name = Base; path = Base.lproj/LaunchScreen.storyboard; sourceTree = "<group>"; };
		63794376272FFF4900D20B82 /* Info.plist */ = {isa = PBXFileReference; lastKnownFileType = text.plist.xml; path = Info.plist; sourceTree = "<group>"; };
		63794377272FFF4900D20B82 /* main.m */ = {isa = PBXFileReference; lastKnownFileType = sourcecode.c.objc; path = main.m; sourceTree = "<group>"; };
		637943AB273007B400D20B82 /* waltographUI.ttf */ = {isa = PBXFileReference; lastKnownFileType = file; path = waltographUI.ttf; sourceTree = "<group>"; };
		637943B02730102200D20B82 /* styles.json */ = {isa = PBXFileReference; fileEncoding = 4; lastKnownFileType = text.json; path = styles.json; sourceTree = "<group>"; };
		637943B12730102200D20B82 /* colors.json */ = {isa = PBXFileReference; fileEncoding = 4; lastKnownFileType = text.json; path = colors.json; sourceTree = "<group>"; };
		ED19E7CEB0114A47BF0487AB /* libPods-iOS-Dye-iOS.a */ = {isa = PBXFileReference; explicitFileType = archive.ar; includeInIndex = 0; path = "libPods-iOS-Dye-iOS.a"; sourceTree = BUILT_PRODUCTS_DIR; };
		EF8B65B5BD3D0916EEB50BAE /* Pods-iOS-Dye-iOS.release.xcconfig */ = {isa = PBXFileReference; includeInIndex = 1; lastKnownFileType = text.xcconfig; name = "Pods-iOS-Dye-iOS.release.xcconfig"; path = "Target Support Files/Pods-iOS-Dye-iOS/Pods-iOS-Dye-iOS.release.xcconfig"; sourceTree = "<group>"; };
		F35D2E31FA409E4A132E54A4 /* Pods-iOS-Dye-iOS.debug.xcconfig */ = {isa = PBXFileReference; includeInIndex = 1; lastKnownFileType = text.xcconfig; name = "Pods-iOS-Dye-iOS.debug.xcconfig"; path = "Target Support Files/Pods-iOS-Dye-iOS/Pods-iOS-Dye-iOS.debug.xcconfig"; sourceTree = "<group>"; };
/* End PBXFileReference section */

/* Begin PBXFrameworksBuildPhase section */
		63794360272FFF4200D20B82 /* Frameworks */ = {
			isa = PBXFrameworksBuildPhase;
			buildActionMask = 2147483647;
			files = (
				10A846C20E43725216965FD8 /* libPods-iOS-Dye-iOS.a in Frameworks */,
			);
			runOnlyForDeploymentPostprocessing = 0;
		};
/* End PBXFrameworksBuildPhase section */

/* Begin PBXGroup section */
		1124B5B70C234393B706A58C /* Pods */ = {
			isa = PBXGroup;
			children = (
				F35D2E31FA409E4A132E54A4 /* Pods-iOS-Dye-iOS.debug.xcconfig */,
				EF8B65B5BD3D0916EEB50BAE /* Pods-iOS-Dye-iOS.release.xcconfig */,
			);
			path = Pods;
			sourceTree = "<group>";
		};
		39B78E1FD97DB74CA10E596C /* Frameworks */ = {
			isa = PBXGroup;
			children = (
				ED19E7CEB0114A47BF0487AB /* libPods-iOS-Dye-iOS.a */,
			);
			name = Frameworks;
			sourceTree = "<group>";
		};
		637942FD272FFDCC00D20B82 = {
			isa = PBXGroup;
			children = (
				63794364272FFF4200D20B82 /* Dye-iOS */,
				63794307272FFDCC00D20B82 /* Products */,
				1124B5B70C234393B706A58C /* Pods */,
				39B78E1FD97DB74CA10E596C /* Frameworks */,
			);
			sourceTree = "<group>";
		};
		63794307272FFDCC00D20B82 /* Products */ = {
			isa = PBXGroup;
			children = (
				63794363272FFF4200D20B82 /* Dye-iOS.app */,
			);
			name = Products;
			sourceTree = "<group>";
		};
		63794364272FFF4200D20B82 /* Dye-iOS */ = {
			isa = PBXGroup;
			children = (
				637943A9273007B400D20B82 /* Shared */,
				63794365272FFF4200D20B82 /* AppDelegate.h */,
				63794366272FFF4200D20B82 /* AppDelegate.m */,
				63794368272FFF4200D20B82 /* SceneDelegate.h */,
				63794369272FFF4200D20B82 /* SceneDelegate.m */,
				6379436B272FFF4200D20B82 /* ViewController.h */,
				6379436C272FFF4200D20B82 /* ViewController.m */,
				6379436E272FFF4200D20B82 /* Main.storyboard */,
				63794371272FFF4900D20B82 /* Assets.xcassets */,
				63794373272FFF4900D20B82 /* LaunchScreen.storyboard */,
				63794376272FFF4900D20B82 /* Info.plist */,
				63794377272FFF4900D20B82 /* main.m */,
			);
			path = "Dye-iOS";
			sourceTree = "<group>";
		};
		637943A9273007B400D20B82 /* Shared */ = {
			isa = PBXGroup;
			children = (
				637943AA273007B400D20B82 /* Fonts */,
				637943AF2730102200D20B82 /* Styles */,
			);
			name = Shared;
			path = ../../Shared;
			sourceTree = "<group>";
		};
		637943AA273007B400D20B82 /* Fonts */ = {
			isa = PBXGroup;
			children = (
				637943AB273007B400D20B82 /* waltographUI.ttf */,
			);
			path = Fonts;
			sourceTree = "<group>";
		};
		637943AF2730102200D20B82 /* Styles */ = {
			isa = PBXGroup;
			children = (
				637943B12730102200D20B82 /* colors.json */,
				637943B02730102200D20B82 /* styles.json */,
			);
			path = Styles;
			sourceTree = "<group>";
		};
/* End PBXGroup section */

/* Begin PBXNativeTarget section */
		63794362272FFF4200D20B82 /* Dye-iOS */ = {
			isa = PBXNativeTarget;
			buildConfigurationList = 6379437B272FFF4900D20B82 /* Build configuration list for PBXNativeTarget "Dye-iOS" */;
			buildPhases = (
				074BD9C8D5F90D6CD0E648C7 /* [CP] Check Pods Manifest.lock */,
				6379435F272FFF4200D20B82 /* Sources */,
				63794360272FFF4200D20B82 /* Frameworks */,
				63794361272FFF4200D20B82 /* Resources */,
			);
			buildRules = (
			);
			dependencies = (
			);
			name = "Dye-iOS";
			productName = "Dye-iOS";
			productReference = 63794363272FFF4200D20B82 /* Dye-iOS.app */;
			productType = "com.apple.product-type.application";
		};
/* End PBXNativeTarget section */

/* Begin PBXProject section */
		637942FE272FFDCC00D20B82 /* Project object */ = {
			isa = PBXProject;
			attributes = {
				LastUpgradeCheck = 1240;
				TargetAttributes = {
					63794362272FFF4200D20B82 = {
						CreatedOnToolsVersion = 12.4;
					};
				};
			};
			buildConfigurationList = 63794301272FFDCC00D20B82 /* Build configuration list for PBXProject "Dye-Sample" */;
			compatibilityVersion = "Xcode 9.3";
			developmentRegion = en;
			hasScannedForEncodings = 0;
			knownRegions = (
				en,
				Base,
			);
			mainGroup = 637942FD272FFDCC00D20B82;
			productRefGroup = 63794307272FFDCC00D20B82 /* Products */;
			projectDirPath = "";
			projectRoot = "";
			targets = (
				63794362272FFF4200D20B82 /* Dye-iOS */,
			);
		};
/* End PBXProject section */

/* Begin PBXResourcesBuildPhase section */
		63794361272FFF4200D20B82 /* Resources */ = {
			isa = PBXResourcesBuildPhase;
			buildActionMask = 2147483647;
			files = (
				63794375272FFF4900D20B82 /* LaunchScreen.storyboard in Resources */,
				637943B22730102200D20B82 /* styles.json in Resources */,
				63794372272FFF4900D20B82 /* Assets.xcassets in Resources */,
				637943B32730102200D20B82 /* colors.json in Resources */,
				63794370272FFF4200D20B82 /* Main.storyboard in Resources */,
				637943AC273007B400D20B82 /* waltographUI.ttf in Resources */,
			);
			runOnlyForDeploymentPostprocessing = 0;
		};
/* End PBXResourcesBuildPhase section */

/* Begin PBXShellScriptBuildPhase section */
		074BD9C8D5F90D6CD0E648C7 /* [CP] Check Pods Manifest.lock */ = {
			isa = PBXShellScriptBuildPhase;
			buildActionMask = 2147483647;
			files = (
			);
			inputFileListPaths = (
			);
			inputPaths = (
				"${PODS_PODFILE_DIR_PATH}/Podfile.lock",
				"${PODS_ROOT}/Manifest.lock",
			);
			name = "[CP] Check Pods Manifest.lock";
			outputFileListPaths = (
			);
			outputPaths = (
				"$(DERIVED_FILE_DIR)/Pods-iOS-Dye-iOS-checkManifestLockResult.txt",
			);
			runOnlyForDeploymentPostprocessing = 0;
			shellPath = /bin/sh;
			shellScript = "diff \"${PODS_PODFILE_DIR_PATH}/Podfile.lock\" \"${PODS_ROOT}/Manifest.lock\" > /dev/null\nif [ $? != 0 ] ; then\n    # print error to STDERR\n    echo \"error: The sandbox is not in sync with the Podfile.lock. Run 'pod install' or update your CocoaPods installation.\" >&2\n    exit 1\nfi\n# This output is used by Xcode 'outputs' to avoid re-running this script phase.\necho \"SUCCESS\" > \"${SCRIPT_OUTPUT_FILE_0}\"\n";
			showEnvVarsInLog = 0;
		};
/* End PBXShellScriptBuildPhase section */

/* Begin PBXSourcesBuildPhase section */
		6379435F272FFF4200D20B82 /* Sources */ = {
			isa = PBXSourcesBuildPhase;
			buildActionMask = 2147483647;
			files = (
				6379436D272FFF4200D20B82 /* ViewController.m in Sources */,
				63794367272FFF4200D20B82 /* AppDelegate.m in Sources */,
				63794378272FFF4900D20B82 /* main.m in Sources */,
				6379436A272FFF4200D20B82 /* SceneDelegate.m in Sources */,
			);
			runOnlyForDeploymentPostprocessing = 0;
		};
/* End PBXSourcesBuildPhase section */

/* Begin PBXVariantGroup section */
		6379436E272FFF4200D20B82 /* Main.storyboard */ = {
			isa = PBXVariantGroup;
			children = (
				6379436F272FFF4200D20B82 /* Base */,
			);
			name = Main.storyboard;
			sourceTree = "<group>";
		};
		63794373272FFF4900D20B82 /* LaunchScreen.storyboard */ = {
			isa = PBXVariantGroup;
			children = (
				63794374272FFF4900D20B82 /* Base */,
			);
			name = LaunchScreen.storyboard;
			sourceTree = "<group>";
		};
/* End PBXVariantGroup section */

/* Begin XCBuildConfiguration section */
		6379431D272FFDD400D20B82 /* Debug */ = {
			isa = XCBuildConfiguration;
			buildSettings = {
				ALWAYS_SEARCH_USER_PATHS = NO;
				CLANG_ANALYZER_NONNULL = YES;
				CLANG_ANALYZER_NUMBER_OBJECT_CONVERSION = YES_AGGRESSIVE;
				CLANG_CXX_LANGUAGE_STANDARD = "gnu++14";
				CLANG_CXX_LIBRARY = "libc++";
				CLANG_ENABLE_MODULES = YES;
				CLANG_ENABLE_OBJC_ARC = YES;
				CLANG_ENABLE_OBJC_WEAK = YES;
				CLANG_WARN_BLOCK_CAPTURE_AUTORELEASING = YES;
				CLANG_WARN_BOOL_CONVERSION = YES;
				CLANG_WARN_COMMA = YES;
				CLANG_WARN_CONSTANT_CONVERSION = YES;
				CLANG_WARN_DEPRECATED_OBJC_IMPLEMENTATIONS = YES;
				CLANG_WARN_DIRECT_OBJC_ISA_USAGE = YES_ERROR;
				CLANG_WARN_DOCUMENTATION_COMMENTS = YES;
				CLANG_WARN_EMPTY_BODY = YES;
				CLANG_WARN_ENUM_CONVERSION = YES;
				CLANG_WARN_INFINITE_RECURSION = YES;
				CLANG_WARN_INT_CONVERSION = YES;
				CLANG_WARN_NON_LITERAL_NULL_CONVERSION = YES;
				CLANG_WARN_OBJC_IMPLICIT_RETAIN_SELF = YES;
				CLANG_WARN_OBJC_LITERAL_CONVERSION = YES;
				CLANG_WARN_OBJC_ROOT_CLASS = YES_ERROR;
				CLANG_WARN_QUOTED_INCLUDE_IN_FRAMEWORK_HEADER = YES;
				CLANG_WARN_RANGE_LOOP_ANALYSIS = YES;
				CLANG_WARN_STRICT_PROTOTYPES = YES;
				CLANG_WARN_SUSPICIOUS_MOVE = YES;
				CLANG_WARN_UNGUARDED_AVAILABILITY = YES_AGGRESSIVE;
				CLANG_WARN_UNREACHABLE_CODE = YES;
				CLANG_WARN__DUPLICATE_METHOD_MATCH = YES;
				COPY_PHASE_STRIP = NO;
				DEBUG_INFORMATION_FORMAT = dwarf;
				ENABLE_STRICT_OBJC_MSGSEND = YES;
				ENABLE_TESTABILITY = YES;
				GCC_C_LANGUAGE_STANDARD = gnu11;
				GCC_DYNAMIC_NO_PIC = NO;
				GCC_NO_COMMON_BLOCKS = YES;
				GCC_OPTIMIZATION_LEVEL = 0;
				GCC_PREPROCESSOR_DEFINITIONS = (
					"DEBUG=1",
					"$(inherited)",
				);
				GCC_WARN_64_TO_32_BIT_CONVERSION = YES;
				GCC_WARN_ABOUT_RETURN_TYPE = YES_ERROR;
				GCC_WARN_UNDECLARED_SELECTOR = YES;
				GCC_WARN_UNINITIALIZED_AUTOS = YES_AGGRESSIVE;
				GCC_WARN_UNUSED_FUNCTION = YES;
				GCC_WARN_UNUSED_VARIABLE = YES;
				IPHONEOS_DEPLOYMENT_TARGET = 10.0;
				MTL_ENABLE_DEBUG_INFO = INCLUDE_SOURCE;
				MTL_FAST_MATH = YES;
				ONLY_ACTIVE_ARCH = YES;
				SDKROOT = iphoneos;
			};
			name = Debug;
		};
		6379431E272FFDD400D20B82 /* Release */ = {
			isa = XCBuildConfiguration;
			buildSettings = {
				ALWAYS_SEARCH_USER_PATHS = NO;
				CLANG_ANALYZER_NONNULL = YES;
				CLANG_ANALYZER_NUMBER_OBJECT_CONVERSION = YES_AGGRESSIVE;
				CLANG_CXX_LANGUAGE_STANDARD = "gnu++14";
				CLANG_CXX_LIBRARY = "libc++";
				CLANG_ENABLE_MODULES = YES;
				CLANG_ENABLE_OBJC_ARC = YES;
				CLANG_ENABLE_OBJC_WEAK = YES;
				CLANG_WARN_BLOCK_CAPTURE_AUTORELEASING = YES;
				CLANG_WARN_BOOL_CONVERSION = YES;
				CLANG_WARN_COMMA = YES;
				CLANG_WARN_CONSTANT_CONVERSION = YES;
				CLANG_WARN_DEPRECATED_OBJC_IMPLEMENTATIONS = YES;
				CLANG_WARN_DIRECT_OBJC_ISA_USAGE = YES_ERROR;
				CLANG_WARN_DOCUMENTATION_COMMENTS = YES;
				CLANG_WARN_EMPTY_BODY = YES;
				CLANG_WARN_ENUM_CONVERSION = YES;
				CLANG_WARN_INFINITE_RECURSION = YES;
				CLANG_WARN_INT_CONVERSION = YES;
				CLANG_WARN_NON_LITERAL_NULL_CONVERSION = YES;
				CLANG_WARN_OBJC_IMPLICIT_RETAIN_SELF = YES;
				CLANG_WARN_OBJC_LITERAL_CONVERSION = YES;
				CLANG_WARN_OBJC_ROOT_CLASS = YES_ERROR;
				CLANG_WARN_QUOTED_INCLUDE_IN_FRAMEWORK_HEADER = YES;
				CLANG_WARN_RANGE_LOOP_ANALYSIS = YES;
				CLANG_WARN_STRICT_PROTOTYPES = YES;
				CLANG_WARN_SUSPICIOUS_MOVE = YES;
				CLANG_WARN_UNGUARDED_AVAILABILITY = YES_AGGRESSIVE;
				CLANG_WARN_UNREACHABLE_CODE = YES;
				CLANG_WARN__DUPLICATE_METHOD_MATCH = YES;
				COPY_PHASE_STRIP = NO;
				DEBUG_INFORMATION_FORMAT = "dwarf-with-dsym";
				ENABLE_NS_ASSERTIONS = NO;
				ENABLE_STRICT_OBJC_MSGSEND = YES;
				GCC_C_LANGUAGE_STANDARD = gnu11;
				GCC_NO_COMMON_BLOCKS = YES;
				GCC_WARN_64_TO_32_BIT_CONVERSION = YES;
				GCC_WARN_ABOUT_RETURN_TYPE = YES_ERROR;
				GCC_WARN_UNDECLARED_SELECTOR = YES;
				GCC_WARN_UNINITIALIZED_AUTOS = YES_AGGRESSIVE;
				GCC_WARN_UNUSED_FUNCTION = YES;
				GCC_WARN_UNUSED_VARIABLE = YES;
				IPHONEOS_DEPLOYMENT_TARGET = 10.0;
				MTL_ENABLE_DEBUG_INFO = NO;
				MTL_FAST_MATH = YES;
				SDKROOT = iphoneos;
				VALIDATE_PRODUCT = YES;
			};
			name = Release;
		};
		63794379272FFF4900D20B82 /* Debug */ = {
			isa = XCBuildConfiguration;
			baseConfigurationReference = F35D2E31FA409E4A132E54A4 /* Pods-iOS-Dye-iOS.debug.xcconfig */;
			buildSettings = {
				ASSETCATALOG_COMPILER_APPICON_NAME = AppIcon;
				ASSETCATALOG_COMPILER_GLOBAL_ACCENT_COLOR_NAME = AccentColor;
				CODE_SIGN_STYLE = Automatic;
				DEVELOPMENT_TEAM = 5JXT9SVF3K;
				INFOPLIST_FILE = "Dye-iOS/Info.plist";
				IPHONEOS_DEPLOYMENT_TARGET = 13.0;
				LD_RUNPATH_SEARCH_PATHS = (
					"$(inherited)",
					"@executable_path/Frameworks",
				);
				MARKETING_VERSION = 1.0.0;
				PRODUCT_BUNDLE_IDENTIFIER = "com.dye.sample-objc-ios";
				PRODUCT_NAME = "$(TARGET_NAME)";
				TARGETED_DEVICE_FAMILY = "1,2";
			};
			name = Debug;
		};
		6379437A272FFF4900D20B82 /* Release */ = {
			isa = XCBuildConfiguration;
			baseConfigurationReference = EF8B65B5BD3D0916EEB50BAE /* Pods-iOS-Dye-iOS.release.xcconfig */;
			buildSettings = {
				ASSETCATALOG_COMPILER_APPICON_NAME = AppIcon;
				ASSETCATALOG_COMPILER_GLOBAL_ACCENT_COLOR_NAME = AccentColor;
				CODE_SIGN_STYLE = Automatic;
				DEVELOPMENT_TEAM = 5JXT9SVF3K;
				INFOPLIST_FILE = "Dye-iOS/Info.plist";
				IPHONEOS_DEPLOYMENT_TARGET = 13.0;
				LD_RUNPATH_SEARCH_PATHS = (
					"$(inherited)",
					"@executable_path/Frameworks",
				);
				MARKETING_VERSION = 1.0.0;
				PRODUCT_BUNDLE_IDENTIFIER = "com.dye.sample-objc-ios";
				PRODUCT_NAME = "$(TARGET_NAME)";
				TARGETED_DEVICE_FAMILY = "1,2";
			};
			name = Release;
		};
/* End XCBuildConfiguration section */

/* Begin XCConfigurationList section */
		63794301272FFDCC00D20B82 /* Build configuration list for PBXProject "Dye-Sample" */ = {
			isa = XCConfigurationList;
			buildConfigurations = (
				6379431D272FFDD400D20B82 /* Debug */,
				6379431E272FFDD400D20B82 /* Release */,
			);
			defaultConfigurationIsVisible = 0;
			defaultConfigurationName = Release;
		};
		6379437B272FFF4900D20B82 /* Build configuration list for PBXNativeTarget "Dye-iOS" */ = {
			isa = XCConfigurationList;
			buildConfigurations = (
				63794379272FFF4900D20B82 /* Debug */,
				6379437A272FFF4900D20B82 /* Release */,
			);
			defaultConfigurationIsVisible = 0;
			defaultConfigurationName = Release;
		};
/* End XCConfigurationList section */
	};
	rootObject = 637942FE272FFDCC00D20B82 /* Project object */;
}
